# THIS IS AN AUTOGENERATED FILE. DO NOT EDIT THIS FILE DIRECTLY.
# yarn lockfile v1


"@interactjs/types@1.10.11":
  version "1.10.11"
  resolved "https://registry.yarnpkg.com/@interactjs/types/-/types-1.10.11.tgz#29be25d503f9c7842df062fa3cda5b044a47cf2a"
  integrity sha512-YRsVFWjL8Gkkvlx3qnjeaxW4fnibSJ9791g8BA7Pv5ANByI64WmtR1vU7A2rXcrOn8XvyCEfY0ss1s8NhZP+MA==

interactjs@^1.10.11:
  version "1.10.11"
  resolved "https://registry.yarnpkg.com/interactjs/-/interactjs-1.10.11.tgz#0b9eabe37f1f82fff68e22faad51269b8f2038ea"
  integrity sha512-VPUWsGAOPmrZe1YF7Fq/4AIBBZ+3FikZRS8bpzT6VsAfUuhxl/CKJY73IAiZHd3fz9p174CXErn0Qs81XEFICA==
  dependencies:
    "@interactjs/types" "1.10.11"
